
Microsoft Visual Studio Solution File, Format Version 11.00
# Visual Studio 2010
Project("{FAE04EC0-301F-11D3-BF4B-00C04F79EFBC}") = "Survival Game Engine - Pertemuan 5", "Assembly-CSharp.csproj", "{F07198B4-78AA-490C-F75A-8DB357FE48FF}"
EndProject
Project("{FAE04EC0-301F-11D3-BF4B-00C04F79EFBC}") = "Survival Game Engine - Pertemuan 5", "Assembly-CSharp-firstpass.csproj", "{27D10141-F135-EAF9-0D45-D14E91296E4C}"
EndProject
Project("{FAE04EC0-301F-11D3-BF4B-00C04F79EFBC}") = "Survival Game Engine - Pertemuan 5", "Assembly-CSharp-Editor-firstpass.csproj", "{824F1F16-BDF2-0C26-362F-F1BA126A9CE8}"
EndProject
Global
	GlobalSection(SolutionConfigurationPlatforms) = preSolution
		Debug|Any CPU = Debug|Any CPU
		Release|Any CPU = Release|Any CPU
	EndGlobalSection
	GlobalSection(ProjectConfigurationPlatforms) = postSolution
		{F07198B4-78AA-490C-F75A-8DB357FE48FF}.Debug|Any CPU.ActiveCfg = Debug|Any CPU
		{F07198B4-78AA-490C-F75A-8DB357FE48FF}.Debug|Any CPU.Build.0 = Debug|Any CPU
		{F07198B4-78AA-490C-F75A-8DB357FE48FF}.Release|Any CPU.ActiveCfg = Release|Any CPU
		{F07198B4-78AA-490C-F75A-8DB357FE48FF}.Release|Any CPU.Build.0 = Release|Any CPU
		{27D10141-F135-EAF9-0D45-D14E91296E4C}.Debug|Any CPU.ActiveCfg = Debug|Any CPU
		{27D10141-F135-EAF9-0D45-D14E91296E4C}.Debug|Any CPU.Build.0 = Debug|Any CPU
		{27D10141-F135-EAF9-0D45-D14E91296E4C}.Release|Any CPU.ActiveCfg = Release|Any CPU
		{27D10141-F135-EAF9-0D45-D14E91296E4C}.Release|Any CPU.Build.0 = Release|Any CPU
		{824F1F16-BDF2-0C26-362F-F1BA126A9CE8}.Debug|Any CPU.ActiveCfg = Debug|Any CPU
		{824F1F16-BDF2-0C26-362F-F1BA126A9CE8}.Debug|Any CPU.Build.0 = Debug|Any CPU
		{824F1F16-BDF2-0C26-362F-F1BA126A9CE8}.Release|Any CPU.ActiveCfg = Release|Any CPU
		{824F1F16-BDF2-0C26-362F-F1BA126A9CE8}.Release|Any CPU.Build.0 = Release|Any CPU
	EndGlobalSection
	GlobalSection(SolutionProperties) = preSolution
		HideSolutionNode = FALSE
	EndGlobalSection
	GlobalSection(MonoDevelopProperties) = preSolution
		StartupItem = Assembly-CSharp.csproj
	EndGlobalSection
EndGlobal
